
Microsoft Visual Studio Solution File, Format Version 12.00
# Visual Studio Version 17
VisualStudioVersion = 17.9.34616.47
MinimumVisualStudioVersion = 10.0.40219.1
Project("{9A19103F-16F7-4668-BE54-9A1E7A4F7556}") = "VersionCompareConsoleApp", "VersionCompareConsoleApp\VersionCompareConsoleApp.csproj", "{9DF6CDDE-CBC6-4297-AF95-B80799F73510}"
EndProject
Project("{9A19103F-16F7-4668-BE54-9A1E7A4F7556}") = "VersionCompareTests", "VersionCompareTests\VersionCompareTests.csproj", "{537CC513-CA89-410D-AF76-ADE5A48B0D6C}"
EndProject
Global
	GlobalSection(SolutionConfigurationPlatforms) = preSolution
		Debug|Any CPU = Debug|Any CPU
		Release|Any CPU = Release|Any CPU
	EndGlobalSection
	GlobalSection(ProjectConfigurationPlatforms) = postSolution
		{9DF6CDDE-CBC6-4297-AF95-B80799F73510}.Debug|Any CPU.ActiveCfg = Debug|Any CPU
		{9DF6CDDE-CBC6-4297-AF95-B80799F73510}.Debug|Any CPU.Build.0 = Debug|Any CPU
		{9DF6CDDE-CBC6-4297-AF95-B80799F73510}.Release|Any CPU.ActiveCfg = Release|Any CPU
		{9DF6CDDE-CBC6-4297-AF95-B80799F73510}.Release|Any CPU.Build.0 = Release|Any CPU
		{537CC513-CA89-410D-AF76-ADE5A48B0D6C}.Debug|Any CPU.ActiveCfg = Debug|Any CPU
		{537CC513-CA89-410D-AF76-ADE5A48B0D6C}.Debug|Any CPU.Build.0 = Debug|Any CPU
		{537CC513-CA89-410D-AF76-ADE5A48B0D6C}.Release|Any CPU.ActiveCfg = Release|Any CPU
		{537CC513-CA89-410D-AF76-ADE5A48B0D6C}.Release|Any CPU.Build.0 = Release|Any CPU
	EndGlobalSection
	GlobalSection(SolutionProperties) = preSolution
		HideSolutionNode = FALSE
	EndGlobalSection
	GlobalSection(ExtensibilityGlobals) = postSolution
		SolutionGuid = {25D05C45-3364-49F4-9B31-69BF535B64A4}
	EndGlobalSection
EndGlobal
